// !$*UTF8*$!
{
	archiveVersion = 1;
	classes = {
	};
	objectVersion = 56;
	objects = {

/* Begin PBXBuildFile section */
		8E0D227A2C18EDF800A9BBA8 /* MainCoordinator.swift in Sources */ = {isa = PBXBuildFile; fileRef = 8E0D22792C18EDF800A9BBA8 /* MainCoordinator.swift */; };
		8E17FDFA2C6BF06E00559CA6 /* MapKit.swift in Sources */ = {isa = PBXBuildFile; fileRef = 8E17FDF92C6BF06E00559CA6 /* MapKit.swift */; };
		8E1F68042A51739C008AE130 /* PostViewCell.swift in Sources */ = {isa = PBXBuildFile; fileRef = 8E1F68032A51739C008AE130 /* PostViewCell.swift */; };
		8E29336B2C4548D400F2CC69 /* UIColor.swift in Sources */ = {isa = PBXBuildFile; fileRef = 8E29336A2C4548D400F2CC69 /* UIColor.swift */; };
		8E29336D2C45490D00F2CC69 /* UILoginInputContainer.swift in Sources */ = {isa = PBXBuildFile; fileRef = 8E29336C2C45490D00F2CC69 /* UILoginInputContainer.swift */; };
		8E29336F2C45493200F2CC69 /* UICustomButton.swift in Sources */ = {isa = PBXBuildFile; fileRef = 8E29336E2C45493200F2CC69 /* UICustomButton.swift */; };
		8E2933712C45495500F2CC69 /* UITextFieldWithPadding.swift in Sources */ = {isa = PBXBuildFile; fileRef = 8E2933702C45495500F2CC69 /* UITextFieldWithPadding.swift */; };
		8E2933732C4549EA00F2CC69 /* UIImage.swift in Sources */ = {isa = PBXBuildFile; fileRef = 8E2933722C4549EA00F2CC69 /* UIImage.swift */; };
		8E2933752C454AB800F2CC69 /* UITableView.swift in Sources */ = {isa = PBXBuildFile; fileRef = 8E2933742C454AB800F2CC69 /* UITableView.swift */; };
		8E2933772C454ADB00F2CC69 /* UIViewController.swift in Sources */ = {isa = PBXBuildFile; fileRef = 8E2933762C454ADB00F2CC69 /* UIViewController.swift */; };
		8E3AE6702C970AD600CFB33D /* UISymbolButton.swift in Sources */ = {isa = PBXBuildFile; fileRef = 8E3AE66F2C970AD600CFB33D /* UISymbolButton.swift */; };
		8E3AE6732C970ECB00CFB33D /* SettingsViewController.swift in Sources */ = {isa = PBXBuildFile; fileRef = 8E3AE6722C970ECB00CFB33D /* SettingsViewController.swift */; };
		8E3AE6752C970ED300CFB33D /* SettingsView.swift in Sources */ = {isa = PBXBuildFile; fileRef = 8E3AE6742C970ED300CFB33D /* SettingsView.swift */; };
		8E3BF8592C9CAB6200A60886 /* AnyProfileHeaderView.swift in Sources */ = {isa = PBXBuildFile; fileRef = 8E3BF8582C9CAB6100A60886 /* AnyProfileHeaderView.swift */; };
		8E3BF85E2C9CD77700A60886 /* FeedViewController.swift in Sources */ = {isa = PBXBuildFile; fileRef = 8E3BF85D2C9CD77700A60886 /* FeedViewController.swift */; };
		8E3BF8632C9CD7F800A60886 /* MakePostViewController.swift in Sources */ = {isa = PBXBuildFile; fileRef = 8E3BF8622C9CD7F800A60886 /* MakePostViewController.swift */; };
		8E3BF8652C9CE1DF00A60886 /* PostService.swift in Sources */ = {isa = PBXBuildFile; fileRef = 8E3BF8642C9CE1DF00A60886 /* PostService.swift */; };
		8E47DA922C88CA4D00FEB205 /* FirebaseService.swift in Sources */ = {isa = PBXBuildFile; fileRef = 8E47DA912C88CA4D00FEB205 /* FirebaseService.swift */; };
		8E4C154A2A2699D800AA511B /* AppDelegate.swift in Sources */ = {isa = PBXBuildFile; fileRef = 8E4C15492A2699D800AA511B /* AppDelegate.swift */; };
		8E4C154C2A2699D800AA511B /* SceneDelegate.swift in Sources */ = {isa = PBXBuildFile; fileRef = 8E4C154B2A2699D800AA511B /* SceneDelegate.swift */; };
		8E4C15532A2699D900AA511B /* Assets.xcassets in Resources */ = {isa = PBXBuildFile; fileRef = 8E4C15522A2699D900AA511B /* Assets.xcassets */; };
		8E4C15692A269C7A00AA511B /* ProfileViewController.swift in Sources */ = {isa = PBXBuildFile; fileRef = 8E4C15682A269C7A00AA511B /* ProfileViewController.swift */; };
		8E5146FC2C92266D0032DB99 /* FirebaseStorage in Frameworks */ = {isa = PBXBuildFile; productRef = 8E5146FB2C92266D0032DB99 /* FirebaseStorage */; };
		8E5439292C6E032900D257EC /* LaunchScreen.storyboard in Resources */ = {isa = PBXBuildFile; fileRef = 8E5439282C6E032900D257EC /* LaunchScreen.storyboard */; };
		8E54392E2C6E06B500D257EC /* InfoPlist.strings in Resources */ = {isa = PBXBuildFile; fileRef = 8E54392C2C6E06B500D257EC /* InfoPlist.strings */; };
		8E5439312C6E924A00D257EC /* SecondaryLoginViewController.swift in Sources */ = {isa = PBXBuildFile; fileRef = 8E5439302C6E924A00D257EC /* SecondaryLoginViewController.swift */; };
		8E5439362C6E966D00D257EC /* LocalAuthorizationService.swift in Sources */ = {isa = PBXBuildFile; fileRef = 8E5439352C6E966D00D257EC /* LocalAuthorizationService.swift */; };
		8E5439382C6EA64700D257EC /* LoadingViewController.swift in Sources */ = {isa = PBXBuildFile; fileRef = 8E5439372C6EA64700D257EC /* LoadingViewController.swift */; };
		8E586B4C2AA877BD00D89AF6 /* PhotosViewController.swift in Sources */ = {isa = PBXBuildFile; fileRef = 8E586B4B2AA877BD00D89AF6 /* PhotosViewController.swift */; };
		8E586B522AA898B500D89AF6 /* PhotosCollectionViewCell.swift in Sources */ = {isa = PBXBuildFile; fileRef = 8E586B512AA898B500D89AF6 /* PhotosCollectionViewCell.swift */; };
		8E672EC72C2F60E90063DFC2 /* SignUpViewController.swift in Sources */ = {isa = PBXBuildFile; fileRef = 8E672EC62C2F60E90063DFC2 /* SignUpViewController.swift */; };
		8EAD99682A599704004D3BEF /* PhotosTableViewCell.swift in Sources */ = {isa = PBXBuildFile; fileRef = 8EAD99672A599704004D3BEF /* PhotosTableViewCell.swift */; };
		8EB8D3282C8A39DB00571CFA /* ResetPasswordViewController.swift in Sources */ = {isa = PBXBuildFile; fileRef = 8EB8D3272C8A39DB00571CFA /* ResetPasswordViewController.swift */; };
		8EBCFFD72C6F90FA009E31CE /* LocalNotificationsService.swift in Sources */ = {isa = PBXBuildFile; fileRef = 8EBCFFD62C6F90FA009E31CE /* LocalNotificationsService.swift */; };
		8EC3113C2A4C3540006C8FA2 /* Foundation.swift in Sources */ = {isa = PBXBuildFile; fileRef = 8EC3113B2A4C3540006C8FA2 /* Foundation.swift */; };
		8EC3113E2A4CB631006C8FA2 /* LogInViewController.swift in Sources */ = {isa = PBXBuildFile; fileRef = 8EC3113D2A4CB631006C8FA2 /* LogInViewController.swift */; };
		8ECCBF572C3207BD00D5C4C4 /* GoogleService-Info.plist in Resources */ = {isa = PBXBuildFile; fileRef = 8ECCBF562C3207BD00D5C4C4 /* GoogleService-Info.plist */; };
		8ECCBF5A2C32095300D5C4C4 /* FirebaseAuth in Frameworks */ = {isa = PBXBuildFile; productRef = 8ECCBF592C32095300D5C4C4 /* FirebaseAuth */; };
		8ECCBF5C2C32095300D5C4C4 /* FirebaseFirestore in Frameworks */ = {isa = PBXBuildFile; productRef = 8ECCBF5B2C32095300D5C4C4 /* FirebaseFirestore */; };
		8ECCBF5E2C32095300D5C4C4 /* FirebaseFirestoreSwift in Frameworks */ = {isa = PBXBuildFile; productRef = 8ECCBF5D2C32095300D5C4C4 /* FirebaseFirestoreSwift */; };
		8ECCBF622C32E38700D5C4C4 /* FirebaseDatabase in Frameworks */ = {isa = PBXBuildFile; productRef = 8ECCBF612C32E38700D5C4C4 /* FirebaseDatabase */; };
		8ED862A22C9219AF00C95654 /* PicturePickerViewController.swift in Sources */ = {isa = PBXBuildFile; fileRef = 8ED862A12C9219AF00C95654 /* PicturePickerViewController.swift */; };
		8EDAC7E22C94E76200E4C789 /* ImageCacheService.swift in Sources */ = {isa = PBXBuildFile; fileRef = 8EDAC7E12C94E76200E4C789 /* ImageCacheService.swift */; };
		8EDCB6392C92449800DD9961 /* User.swift in Sources */ = {isa = PBXBuildFile; fileRef = 8EDCB6382C92449800DD9961 /* User.swift */; };
		8EDCB63B2C92454400DD9961 /* Post.swift in Sources */ = {isa = PBXBuildFile; fileRef = 8EDCB63A2C92454400DD9961 /* Post.swift */; };
		8EDF8EE12B6041A300154433 /* iOSIntPackage in Frameworks */ = {isa = PBXBuildFile; productRef = 8EDF8EE02B6041A300154433 /* iOSIntPackage */; };
		8EEE74C82CA6263200A483DF /* ColorSchemeService.swift in Sources */ = {isa = PBXBuildFile; fileRef = 8EEE74C72CA6263200A483DF /* ColorSchemeService.swift */; };
		8EF427B72C6DF7A500B22C46 /* TimerLocalization.swift in Sources */ = {isa = PBXBuildFile; fileRef = 8EF427B62C6DF7A500B22C46 /* TimerLocalization.swift */; };
		8EF427BE2C6E011D00B22C46 /* Info.plist in Resources */ = {isa = PBXBuildFile; fileRef = 8EF427BB2C6E008B00B22C46 /* Info.plist */; };
		8EF48DA52A27797F0099166A /* ProfileHeaderView.swift in Sources */ = {isa = PBXBuildFile; fileRef = 8EF48DA42A27797F0099166A /* ProfileHeaderView.swift */; };
		8EFB635D2C51D19D0058572C /* Localizable.xcstrings in Resources */ = {isa = PBXBuildFile; fileRef = 8EFB635C2C51D19D0058572C /* Localizable.xcstrings */; };
/* End PBXBuildFile section */

/* Begin PBXCopyFilesBuildPhase section */
		8E0614C32AABA83500DB3BBD /* Embed Frameworks */ = {
			isa = PBXCopyFilesBuildPhase;
			buildActionMask = 2147483647;
			dstPath = "";
			dstSubfolderSpec = 10;
			files = (
			);
			name = "Embed Frameworks";
			runOnlyForDeploymentPostprocessing = 0;
		};
/* End PBXCopyFilesBuildPhase section */

/* Begin PBXFileReference section */
		8E0D22792C18EDF800A9BBA8 /* MainCoordinator.swift */ = {isa = PBXFileReference; lastKnownFileType = sourcecode.swift; path = MainCoordinator.swift; sourceTree = "<group>"; };
		8E17FDF92C6BF06E00559CA6 /* MapKit.swift */ = {isa = PBXFileReference; lastKnownFileType = sourcecode.swift; path = MapKit.swift; sourceTree = "<group>"; };
		8E1F68032A51739C008AE130 /* PostViewCell.swift */ = {isa = PBXFileReference; lastKnownFileType = sourcecode.swift; path = PostViewCell.swift; sourceTree = "<group>"; };
		8E29336A2C4548D400F2CC69 /* UIColor.swift */ = {isa = PBXFileReference; lastKnownFileType = sourcecode.swift; path = UIColor.swift; sourceTree = "<group>"; };
		8E29336C2C45490D00F2CC69 /* UILoginInputContainer.swift */ = {isa = PBXFileReference; lastKnownFileType = sourcecode.swift; path = UILoginInputContainer.swift; sourceTree = "<group>"; };
		8E29336E2C45493200F2CC69 /* UICustomButton.swift */ = {isa = PBXFileReference; lastKnownFileType = sourcecode.swift; path = UICustomButton.swift; sourceTree = "<group>"; };
		8E2933702C45495500F2CC69 /* UITextFieldWithPadding.swift */ = {isa = PBXFileReference; lastKnownFileType = sourcecode.swift; path = UITextFieldWithPadding.swift; sourceTree = "<group>"; };
		8E2933722C4549EA00F2CC69 /* UIImage.swift */ = {isa = PBXFileReference; lastKnownFileType = sourcecode.swift; path = UIImage.swift; sourceTree = "<group>"; };
		8E2933742C454AB800F2CC69 /* UITableView.swift */ = {isa = PBXFileReference; lastKnownFileType = sourcecode.swift; path = UITableView.swift; sourceTree = "<group>"; };
		8E2933762C454ADB00F2CC69 /* UIViewController.swift */ = {isa = PBXFileReference; lastKnownFileType = sourcecode.swift; path = UIViewController.swift; sourceTree = "<group>"; };
		8E3AE66F2C970AD600CFB33D /* UISymbolButton.swift */ = {isa = PBXFileReference; lastKnownFileType = sourcecode.swift; path = UISymbolButton.swift; sourceTree = "<group>"; };
		8E3AE6722C970ECB00CFB33D /* SettingsViewController.swift */ = {isa = PBXFileReference; lastKnownFileType = sourcecode.swift; path = SettingsViewController.swift; sourceTree = "<group>"; };
		8E3AE6742C970ED300CFB33D /* SettingsView.swift */ = {isa = PBXFileReference; lastKnownFileType = sourcecode.swift; path = SettingsView.swift; sourceTree = "<group>"; };
		8E3BF8582C9CAB6100A60886 /* AnyProfileHeaderView.swift */ = {isa = PBXFileReference; lastKnownFileType = sourcecode.swift; path = AnyProfileHeaderView.swift; sourceTree = "<group>"; };
		8E3BF85D2C9CD77700A60886 /* FeedViewController.swift */ = {isa = PBXFileReference; lastKnownFileType = sourcecode.swift; path = FeedViewController.swift; sourceTree = "<group>"; };
		8E3BF8622C9CD7F800A60886 /* MakePostViewController.swift */ = {isa = PBXFileReference; lastKnownFileType = sourcecode.swift; path = MakePostViewController.swift; sourceTree = "<group>"; };
		8E3BF8642C9CE1DF00A60886 /* PostService.swift */ = {isa = PBXFileReference; lastKnownFileType = sourcecode.swift; path = PostService.swift; sourceTree = "<group>"; };
		8E47DA912C88CA4D00FEB205 /* FirebaseService.swift */ = {isa = PBXFileReference; lastKnownFileType = sourcecode.swift; path = FirebaseService.swift; sourceTree = "<group>"; };
		8E4C15462A2699D800AA511B /* Social Media.app */ = {isa = PBXFileReference; explicitFileType = wrapper.application; includeInIndex = 0; path = "Social Media.app"; sourceTree = BUILT_PRODUCTS_DIR; };
		8E4C15492A2699D800AA511B /* AppDelegate.swift */ = {isa = PBXFileReference; lastKnownFileType = sourcecode.swift; path = AppDelegate.swift; sourceTree = "<group>"; };
		8E4C154B2A2699D800AA511B /* SceneDelegate.swift */ = {isa = PBXFileReference; lastKnownFileType = sourcecode.swift; path = SceneDelegate.swift; sourceTree = "<group>"; };
		8E4C15522A2699D900AA511B /* Assets.xcassets */ = {isa = PBXFileReference; lastKnownFileType = folder.assetcatalog; path = Assets.xcassets; sourceTree = "<group>"; };
		8E4C15682A269C7A00AA511B /* ProfileViewController.swift */ = {isa = PBXFileReference; lastKnownFileType = sourcecode.swift; path = ProfileViewController.swift; sourceTree = "<group>"; };
		8E5439282C6E032900D257EC /* LaunchScreen.storyboard */ = {isa = PBXFileReference; lastKnownFileType = file.storyboard; path = LaunchScreen.storyboard; sourceTree = "<group>"; };
		8E54392D2C6E06B500D257EC /* en */ = {isa = PBXFileReference; lastKnownFileType = text.plist.strings; name = en; path = en.lproj/InfoPlist.strings; sourceTree = "<group>"; };
		8E54392F2C6E06BA00D257EC /* ru */ = {isa = PBXFileReference; lastKnownFileType = text.plist.strings; name = ru; path = ru.lproj/InfoPlist.strings; sourceTree = "<group>"; };
		8E5439302C6E924A00D257EC /* SecondaryLoginViewController.swift */ = {isa = PBXFileReference; lastKnownFileType = sourcecode.swift; path = SecondaryLoginViewController.swift; sourceTree = "<group>"; };
		8E5439352C6E966D00D257EC /* LocalAuthorizationService.swift */ = {isa = PBXFileReference; lastKnownFileType = sourcecode.swift; path = LocalAuthorizationService.swift; sourceTree = "<group>"; };
		8E5439372C6EA64700D257EC /* LoadingViewController.swift */ = {isa = PBXFileReference; lastKnownFileType = sourcecode.swift; path = LoadingViewController.swift; sourceTree = "<group>"; };
		8E586B4B2AA877BD00D89AF6 /* PhotosViewController.swift */ = {isa = PBXFileReference; lastKnownFileType = sourcecode.swift; path = PhotosViewController.swift; sourceTree = "<group>"; };
		8E586B512AA898B500D89AF6 /* PhotosCollectionViewCell.swift */ = {isa = PBXFileReference; lastKnownFileType = sourcecode.swift; path = PhotosCollectionViewCell.swift; sourceTree = "<group>"; };
		8E672EC62C2F60E90063DFC2 /* SignUpViewController.swift */ = {isa = PBXFileReference; lastKnownFileType = sourcecode.swift; path = SignUpViewController.swift; sourceTree = "<group>"; };
		8EAD99672A599704004D3BEF /* PhotosTableViewCell.swift */ = {isa = PBXFileReference; lastKnownFileType = sourcecode.swift; path = PhotosTableViewCell.swift; sourceTree = "<group>"; };
		8EB8D3272C8A39DB00571CFA /* ResetPasswordViewController.swift */ = {isa = PBXFileReference; lastKnownFileType = sourcecode.swift; path = ResetPasswordViewController.swift; sourceTree = "<group>"; };
		8EBCFFD62C6F90FA009E31CE /* LocalNotificationsService.swift */ = {isa = PBXFileReference; lastKnownFileType = sourcecode.swift; path = LocalNotificationsService.swift; sourceTree = "<group>"; };
		8EC3113B2A4C3540006C8FA2 /* Foundation.swift */ = {isa = PBXFileReference; lastKnownFileType = sourcecode.swift; path = Foundation.swift; sourceTree = "<group>"; };
		8EC3113D2A4CB631006C8FA2 /* LogInViewController.swift */ = {isa = PBXFileReference; lastKnownFileType = sourcecode.swift; path = LogInViewController.swift; sourceTree = "<group>"; };
		8ECCBF562C3207BD00D5C4C4 /* GoogleService-Info.plist */ = {isa = PBXFileReference; fileEncoding = 4; lastKnownFileType = text.plist.xml; path = "GoogleService-Info.plist"; sourceTree = "<group>"; };
		8ED862A12C9219AF00C95654 /* PicturePickerViewController.swift */ = {isa = PBXFileReference; lastKnownFileType = sourcecode.swift; path = PicturePickerViewController.swift; sourceTree = "<group>"; };
		8EDAC7E12C94E76200E4C789 /* ImageCacheService.swift */ = {isa = PBXFileReference; lastKnownFileType = sourcecode.swift; path = ImageCacheService.swift; sourceTree = "<group>"; };
		8EDCB6382C92449800DD9961 /* User.swift */ = {isa = PBXFileReference; lastKnownFileType = sourcecode.swift; path = User.swift; sourceTree = "<group>"; };
		8EDCB63A2C92454400DD9961 /* Post.swift */ = {isa = PBXFileReference; lastKnownFileType = sourcecode.swift; path = Post.swift; sourceTree = "<group>"; };
		8EEE74C72CA6263200A483DF /* ColorSchemeService.swift */ = {isa = PBXFileReference; lastKnownFileType = sourcecode.swift; path = ColorSchemeService.swift; sourceTree = "<group>"; };
		8EF427B62C6DF7A500B22C46 /* TimerLocalization.swift */ = {isa = PBXFileReference; lastKnownFileType = sourcecode.swift; path = TimerLocalization.swift; sourceTree = "<group>"; };
		8EF427BA2C6E008B00B22C46 /* Base */ = {isa = PBXFileReference; lastKnownFileType = text.plist.xml; name = Base; path = Base.lproj/Info.plist; sourceTree = "<group>"; };
		8EF48DA42A27797F0099166A /* ProfileHeaderView.swift */ = {isa = PBXFileReference; lastKnownFileType = sourcecode.swift; path = ProfileHeaderView.swift; sourceTree = "<group>"; };
		8EFB635C2C51D19D0058572C /* Localizable.xcstrings */ = {isa = PBXFileReference; lastKnownFileType = text.json.xcstrings; path = Localizable.xcstrings; sourceTree = "<group>"; };
/* End PBXFileReference section */

/* Begin PBXFrameworksBuildPhase section */
		8E4C15432A2699D800AA511B /* Frameworks */ = {
			isa = PBXFrameworksBuildPhase;
			buildActionMask = 2147483647;
			files = (
				8ECCBF622C32E38700D5C4C4 /* FirebaseDatabase in Frameworks */,
				8EDF8EE12B6041A300154433 /* iOSIntPackage in Frameworks */,
				8ECCBF5A2C32095300D5C4C4 /* FirebaseAuth in Frameworks */,
				8ECCBF5C2C32095300D5C4C4 /* FirebaseFirestore in Frameworks */,
				8ECCBF5E2C32095300D5C4C4 /* FirebaseFirestoreSwift in Frameworks */,
				8E5146FC2C92266D0032DB99 /* FirebaseStorage in Frameworks */,
			);
			runOnlyForDeploymentPostprocessing = 0;
		};
/* End PBXFrameworksBuildPhase section */

/* Begin PBXGroup section */
		8E3AE6712C970EBE00CFB33D /* Settings */ = {
			isa = PBXGroup;
			children = (
				8E3AE6722C970ECB00CFB33D /* SettingsViewController.swift */,
				8E3AE6742C970ED300CFB33D /* SettingsView.swift */,
			);
			path = Settings;
			sourceTree = "<group>";
		};
		8E3BF85A2C9CD4E700A60886 /* Feed */ = {
			isa = PBXGroup;
			children = (
				8E3BF85D2C9CD77700A60886 /* FeedViewController.swift */,
				8E1F68032A51739C008AE130 /* PostViewCell.swift */,
			);
			path = Feed;
			sourceTree = "<group>";
		};
		8E3BF8612C9CD7EC00A60886 /* MakePost */ = {
			isa = PBXGroup;
			children = (
				8E3BF8622C9CD7F800A60886 /* MakePostViewController.swift */,
			);
			path = MakePost;
			sourceTree = "<group>";
		};
		8E3FC4B52A4D8D040064F250 /* LogIn */ = {
			isa = PBXGroup;
			children = (
				8EC3113D2A4CB631006C8FA2 /* LogInViewController.swift */,
			);
			path = LogIn;
			sourceTree = "<group>";
		};
		8E4C153D2A2699D800AA511B = {
			isa = PBXGroup;
			children = (
				8E4C15482A2699D800AA511B /* Social Media */,
				8E4C15472A2699D800AA511B /* Products */,
				8E5146FA2C92266D0032DB99 /* Frameworks */,
			);
			sourceTree = "<group>";
		};
		8E4C15472A2699D800AA511B /* Products */ = {
			isa = PBXGroup;
			children = (
				8E4C15462A2699D800AA511B /* Social Media.app */,
			);
			name = Products;
			sourceTree = "<group>";
		};
		8E4C15482A2699D800AA511B /* Social Media */ = {
			isa = PBXGroup;
			children = (
				8EC311392A4C3017006C8FA2 /* Delegates */,
				8EDCB6372C92448E00DD9961 /* Model */,
				8E59F57D2ADF286A00BE16F9 /* AppServices */,
				8E4C155F2A269BD900AA511B /* Modules */,
				8EB8D3292C8A4F0600571CFA /* Custom Views */,
				8E586B502AA8976D00D89AF6 /* Extensions */,
				8E4C15522A2699D900AA511B /* Assets.xcassets */,
				8E5439282C6E032900D257EC /* LaunchScreen.storyboard */,
				8ECCBF562C3207BD00D5C4C4 /* GoogleService-Info.plist */,
				8EFB635C2C51D19D0058572C /* Localizable.xcstrings */,
				8EF427BB2C6E008B00B22C46 /* Info.plist */,
				8E54392C2C6E06B500D257EC /* InfoPlist.strings */,
			);
			path = "Social Media";
			sourceTree = "<group>";
		};
		8E4C155F2A269BD900AA511B /* Modules */ = {
			isa = PBXGroup;
			children = (
				8E5439392C6EA64E00D257EC /* Loading */,
				8E672EC52C2F60A80063DFC2 /* SignUp */,
				8E3FC4B52A4D8D040064F250 /* LogIn */,
				8E5439332C6E925900D257EC /* SecondaryLogin */,
				8EB8D3262C8A39C700571CFA /* ResetPassword */,
				8E3BF85A2C9CD4E700A60886 /* Feed */,
				8E3BF8612C9CD7EC00A60886 /* MakePost */,
				8EC8A3E42A2778D2008CC17C /* Profile */,
				8E3AE6712C970EBE00CFB33D /* Settings */,
			);
			path = Modules;
			sourceTree = "<group>";
		};
		8E5146FA2C92266D0032DB99 /* Frameworks */ = {
			isa = PBXGroup;
			children = (
			);
			name = Frameworks;
			sourceTree = "<group>";
		};
		8E5439332C6E925900D257EC /* SecondaryLogin */ = {
			isa = PBXGroup;
			children = (
				8E5439302C6E924A00D257EC /* SecondaryLoginViewController.swift */,
			);
			path = SecondaryLogin;
			sourceTree = "<group>";
		};
		8E5439392C6EA64E00D257EC /* Loading */ = {
			isa = PBXGroup;
			children = (
				8E5439372C6EA64700D257EC /* LoadingViewController.swift */,
			);
			path = Loading;
			sourceTree = "<group>";
		};
		8E586B4D2AA896D300D89AF6 /* ProfileHeader */ = {
			isa = PBXGroup;
			children = (
				8EF48DA42A27797F0099166A /* ProfileHeaderView.swift */,
				8E3BF8582C9CAB6100A60886 /* AnyProfileHeaderView.swift */,
			);
			path = ProfileHeader;
			sourceTree = "<group>";
		};
		8E586B4E2AA896EB00D89AF6 /* ProfilePhotos */ = {
			isa = PBXGroup;
			children = (
				8E586B4B2AA877BD00D89AF6 /* PhotosViewController.swift */,
				8E586B512AA898B500D89AF6 /* PhotosCollectionViewCell.swift */,
				8EAD99672A599704004D3BEF /* PhotosTableViewCell.swift */,
			);
			path = ProfilePhotos;
			sourceTree = "<group>";
		};
		8E586B502AA8976D00D89AF6 /* Extensions */ = {
			isa = PBXGroup;
			children = (
				8EC3113B2A4C3540006C8FA2 /* Foundation.swift */,
				8E29336A2C4548D400F2CC69 /* UIColor.swift */,
				8E2933722C4549EA00F2CC69 /* UIImage.swift */,
				8E2933762C454ADB00F2CC69 /* UIViewController.swift */,
				8E2933742C454AB800F2CC69 /* UITableView.swift */,
				8E17FDF92C6BF06E00559CA6 /* MapKit.swift */,
				8EF427B62C6DF7A500B22C46 /* TimerLocalization.swift */,
			);
			path = Extensions;
			sourceTree = "<group>";
		};
		8E59F57D2ADF286A00BE16F9 /* AppServices */ = {
			isa = PBXGroup;
			children = (
				8E0D22792C18EDF800A9BBA8 /* MainCoordinator.swift */,
				8E47DA912C88CA4D00FEB205 /* FirebaseService.swift */,
				8E3BF8642C9CE1DF00A60886 /* PostService.swift */,
				8EDAC7E12C94E76200E4C789 /* ImageCacheService.swift */,
				8E5439352C6E966D00D257EC /* LocalAuthorizationService.swift */,
				8EBCFFD62C6F90FA009E31CE /* LocalNotificationsService.swift */,
				8EEE74C72CA6263200A483DF /* ColorSchemeService.swift */,
			);
			path = AppServices;
			sourceTree = "<group>";
		};
		8E672EC52C2F60A80063DFC2 /* SignUp */ = {
			isa = PBXGroup;
			children = (
				8E672EC62C2F60E90063DFC2 /* SignUpViewController.swift */,
			);
			path = SignUp;
			sourceTree = "<group>";
		};
		8EB8D3262C8A39C700571CFA /* ResetPassword */ = {
			isa = PBXGroup;
			children = (
				8EB8D3272C8A39DB00571CFA /* ResetPasswordViewController.swift */,
			);
			path = ResetPassword;
			sourceTree = "<group>";
		};
		8EB8D3292C8A4F0600571CFA /* Custom Views */ = {
			isa = PBXGroup;
			children = (
				8E2933702C45495500F2CC69 /* UITextFieldWithPadding.swift */,
				8E29336C2C45490D00F2CC69 /* UILoginInputContainer.swift */,
				8E29336E2C45493200F2CC69 /* UICustomButton.swift */,
				8E3AE66F2C970AD600CFB33D /* UISymbolButton.swift */,
			);
			path = "Custom Views";
			sourceTree = "<group>";
		};
		8EC311392A4C3017006C8FA2 /* Delegates */ = {
			isa = PBXGroup;
			children = (
				8E4C15492A2699D800AA511B /* AppDelegate.swift */,
				8E4C154B2A2699D800AA511B /* SceneDelegate.swift */,
			);
			path = Delegates;
			sourceTree = "<group>";
		};
		8EC8A3E42A2778D2008CC17C /* Profile */ = {
			isa = PBXGroup;
			children = (
				8E4C15682A269C7A00AA511B /* ProfileViewController.swift */,
				8E586B4D2AA896D300D89AF6 /* ProfileHeader */,
				8E586B4E2AA896EB00D89AF6 /* ProfilePhotos */,
				8ED862A12C9219AF00C95654 /* PicturePickerViewController.swift */,
			);
			path = Profile;
			sourceTree = "<group>";
		};
		8EDCB6372C92448E00DD9961 /* Model */ = {
			isa = PBXGroup;
			children = (
				8EDCB6382C92449800DD9961 /* User.swift */,
				8EDCB63A2C92454400DD9961 /* Post.swift */,
			);
			path = Model;
			sourceTree = "<group>";
		};
/* End PBXGroup section */

/* Begin PBXNativeTarget section */
		8E4C15452A2699D800AA511B /* Social Media */ = {
			isa = PBXNativeTarget;
			buildConfigurationList = 8E4C155A2A2699D900AA511B /* Build configuration list for PBXNativeTarget "Social Media" */;
			buildPhases = (
				8E4C15422A2699D800AA511B /* Sources */,
				8E4C15432A2699D800AA511B /* Frameworks */,
				8E4C15442A2699D800AA511B /* Resources */,
				8E0614C32AABA83500DB3BBD /* Embed Frameworks */,
			);
			buildRules = (
			);
			dependencies = (
			);
			name = "Social Media";
			packageProductDependencies = (
				8EDF8EE02B6041A300154433 /* iOSIntPackage */,
				8ECCBF592C32095300D5C4C4 /* FirebaseAuth */,
				8ECCBF5B2C32095300D5C4C4 /* FirebaseFirestore */,
				8ECCBF5D2C32095300D5C4C4 /* FirebaseFirestoreSwift */,
				8ECCBF612C32E38700D5C4C4 /* FirebaseDatabase */,
				8E5146FB2C92266D0032DB99 /* FirebaseStorage */,
			);
			productName = "Social Media";
			productReference = 8E4C15462A2699D800AA511B /* Social Media.app */;
			productType = "com.apple.product-type.application";
		};
/* End PBXNativeTarget section */

/* Begin PBXProject section */
		8E4C153E2A2699D800AA511B /* Project object */ = {
			isa = PBXProject;
			attributes = {
				BuildIndependentTargetsInParallel = 1;
				LastSwiftUpdateCheck = 1430;
				LastUpgradeCheck = 1540;
				TargetAttributes = {
					8E4C15452A2699D800AA511B = {
						CreatedOnToolsVersion = 14.3;
					};
				};
			};
			buildConfigurationList = 8E4C15412A2699D800AA511B /* Build configuration list for PBXProject "Social Media" */;
			compatibilityVersion = "Xcode 14.0";
			developmentRegion = en;
			hasScannedForEncodings = 0;
			knownRegions = (
				en,
				Base,
				ru,
			);
			mainGroup = 8E4C153D2A2699D800AA511B;
			packageReferences = (
				8EDF8EDF2B6041A300154433 /* XCRemoteSwiftPackageReference "iOSIntPackage" */,
				8ECCBF582C32095300D5C4C4 /* XCRemoteSwiftPackageReference "firebase-ios-sdk" */,
			);
			productRefGroup = 8E4C15472A2699D800AA511B /* Products */;
			projectDirPath = "";
			projectRoot = "";
			targets = (
				8E4C15452A2699D800AA511B /* Social Media */,
			);
		};
/* End PBXProject section */

/* Begin PBXResourcesBuildPhase section */
		8E4C15442A2699D800AA511B /* Resources */ = {
			isa = PBXResourcesBuildPhase;
			buildActionMask = 2147483647;
			files = (
				8E5439292C6E032900D257EC /* LaunchScreen.storyboard in Resources */,
				8E54392E2C6E06B500D257EC /* InfoPlist.strings in Resources */,
				8EFB635D2C51D19D0058572C /* Localizable.xcstrings in Resources */,
				8E4C15532A2699D900AA511B /* Assets.xcassets in Resources */,
				8EF427BE2C6E011D00B22C46 /* Info.plist in Resources */,
				8ECCBF572C3207BD00D5C4C4 /* GoogleService-Info.plist in Resources */,
			);
			runOnlyForDeploymentPostprocessing = 0;
		};
/* End PBXResourcesBuildPhase section */

/* Begin PBXSourcesBuildPhase section */
		8E4C15422A2699D800AA511B /* Sources */ = {
			isa = PBXSourcesBuildPhase;
			buildActionMask = 2147483647;
			files = (
				8E4C154A2A2699D800AA511B /* AppDelegate.swift in Sources */,
				8E17FDFA2C6BF06E00559CA6 /* MapKit.swift in Sources */,
				8E29336F2C45493200F2CC69 /* UICustomButton.swift in Sources */,
				8EAD99682A599704004D3BEF /* PhotosTableViewCell.swift in Sources */,
				8E2933752C454AB800F2CC69 /* UITableView.swift in Sources */,
				8EC3113E2A4CB631006C8FA2 /* LogInViewController.swift in Sources */,
				8E5439362C6E966D00D257EC /* LocalAuthorizationService.swift in Sources */,
				8E3BF8632C9CD7F800A60886 /* MakePostViewController.swift in Sources */,
				8EDAC7E22C94E76200E4C789 /* ImageCacheService.swift in Sources */,
				8E4C154C2A2699D800AA511B /* SceneDelegate.swift in Sources */,
				8E29336B2C4548D400F2CC69 /* UIColor.swift in Sources */,
				8E3BF8592C9CAB6200A60886 /* AnyProfileHeaderView.swift in Sources */,
				8E0D227A2C18EDF800A9BBA8 /* MainCoordinator.swift in Sources */,
				8EF48DA52A27797F0099166A /* ProfileHeaderView.swift in Sources */,
				8E3AE6752C970ED300CFB33D /* SettingsView.swift in Sources */,
				8E586B4C2AA877BD00D89AF6 /* PhotosViewController.swift in Sources */,
				8EB8D3282C8A39DB00571CFA /* ResetPasswordViewController.swift in Sources */,
				8E2933772C454ADB00F2CC69 /* UIViewController.swift in Sources */,
				8E5439312C6E924A00D257EC /* SecondaryLoginViewController.swift in Sources */,
				8E47DA922C88CA4D00FEB205 /* FirebaseService.swift in Sources */,
				8E3BF8652C9CE1DF00A60886 /* PostService.swift in Sources */,
				8E3BF85E2C9CD77700A60886 /* FeedViewController.swift in Sources */,
				8E2933712C45495500F2CC69 /* UITextFieldWithPadding.swift in Sources */,
				8E29336D2C45490D00F2CC69 /* UILoginInputContainer.swift in Sources */,
				8E3AE6732C970ECB00CFB33D /* SettingsViewController.swift in Sources */,
				8EEE74C82CA6263200A483DF /* ColorSchemeService.swift in Sources */,
				8E586B522AA898B500D89AF6 /* PhotosCollectionViewCell.swift in Sources */,
				8EDCB63B2C92454400DD9961 /* Post.swift in Sources */,
				8ED862A22C9219AF00C95654 /* PicturePickerViewController.swift in Sources */,
				8EBCFFD72C6F90FA009E31CE /* LocalNotificationsService.swift in Sources */,
				8EF427B72C6DF7A500B22C46 /* TimerLocalization.swift in Sources */,
				8E672EC72C2F60E90063DFC2 /* SignUpViewController.swift in Sources */,
				8EDCB6392C92449800DD9961 /* User.swift in Sources */,
				8E3AE6702C970AD600CFB33D /* UISymbolButton.swift in Sources */,
				8E4C15692A269C7A00AA511B /* ProfileViewController.swift in Sources */,
				8EC3113C2A4C3540006C8FA2 /* Foundation.swift in Sources */,
				8E2933732C4549EA00F2CC69 /* UIImage.swift in Sources */,
				8E1F68042A51739C008AE130 /* PostViewCell.swift in Sources */,
				8E5439382C6EA64700D257EC /* LoadingViewController.swift in Sources */,
			);
			runOnlyForDeploymentPostprocessing = 0;
		};
/* End PBXSourcesBuildPhase section */

/* Begin PBXVariantGroup section */
		8E54392C2C6E06B500D257EC /* InfoPlist.strings */ = {
			isa = PBXVariantGroup;
			children = (
				8E54392D2C6E06B500D257EC /* en */,
				8E54392F2C6E06BA00D257EC /* ru */,
			);
			name = InfoPlist.strings;
			sourceTree = "<group>";
		};
		8EF427BB2C6E008B00B22C46 /* Info.plist */ = {
			isa = PBXVariantGroup;
			children = (
				8EF427BA2C6E008B00B22C46 /* Base */,
			);
			name = Info.plist;
			sourceTree = "<group>";
		};
/* End PBXVariantGroup section */

/* Begin XCBuildConfiguration section */
		8E4C15582A2699D900AA511B /* Debug */ = {
			isa = XCBuildConfiguration;
			buildSettings = {
				ALWAYS_SEARCH_USER_PATHS = NO;
				ASSETCATALOG_COMPILER_GENERATE_SWIFT_ASSET_SYMBOL_EXTENSIONS = YES;
				CLANG_ANALYZER_LOCALIZABILITY_NONLOCALIZED = YES;
				CLANG_ANALYZER_NONNULL = YES;
				CLANG_ANALYZER_NUMBER_OBJECT_CONVERSION = YES_AGGRESSIVE;
				CLANG_CXX_LANGUAGE_STANDARD = "gnu++20";
				CLANG_ENABLE_MODULES = YES;
				CLANG_ENABLE_OBJC_ARC = YES;
				CLANG_ENABLE_OBJC_WEAK = YES;
				CLANG_WARN_BLOCK_CAPTURE_AUTORELEASING = YES;
				CLANG_WARN_BOOL_CONVERSION = YES;
				CLANG_WARN_COMMA = YES;
				CLANG_WARN_CONSTANT_CONVERSION = YES;
				CLANG_WARN_DEPRECATED_OBJC_IMPLEMENTATIONS = YES;
				CLANG_WARN_DIRECT_OBJC_ISA_USAGE = YES_ERROR;
				CLANG_WARN_DOCUMENTATION_COMMENTS = YES;
				CLANG_WARN_EMPTY_BODY = YES;
				CLANG_WARN_ENUM_CONVERSION = YES;
				CLANG_WARN_INFINITE_RECURSION = YES;
				CLANG_WARN_INT_CONVERSION = YES;
				CLANG_WARN_NON_LITERAL_NULL_CONVERSION = YES;
				CLANG_WARN_OBJC_IMPLICIT_RETAIN_SELF = YES;
				CLANG_WARN_OBJC_LITERAL_CONVERSION = YES;
				CLANG_WARN_OBJC_ROOT_CLASS = YES_ERROR;
				CLANG_WARN_QUOTED_INCLUDE_IN_FRAMEWORK_HEADER = YES;
				CLANG_WARN_RANGE_LOOP_ANALYSIS = YES;
				CLANG_WARN_STRICT_PROTOTYPES = YES;
				CLANG_WARN_SUSPICIOUS_MOVE = YES;
				CLANG_WARN_UNGUARDED_AVAILABILITY = YES_AGGRESSIVE;
				CLANG_WARN_UNREACHABLE_CODE = YES;
				CLANG_WARN__DUPLICATE_METHOD_MATCH = YES;
				COPY_PHASE_STRIP = NO;
				DEBUG_INFORMATION_FORMAT = dwarf;
				ENABLE_STRICT_OBJC_MSGSEND = YES;
				ENABLE_TESTABILITY = YES;
				ENABLE_USER_SCRIPT_SANDBOXING = YES;
				GCC_C_LANGUAGE_STANDARD = gnu11;
				GCC_DYNAMIC_NO_PIC = NO;
				GCC_NO_COMMON_BLOCKS = YES;
				GCC_OPTIMIZATION_LEVEL = 0;
				GCC_PREPROCESSOR_DEFINITIONS = (
					"DEBUG=1",
					"$(inherited)",
				);
				GCC_WARN_64_TO_32_BIT_CONVERSION = YES;
				GCC_WARN_ABOUT_RETURN_TYPE = YES_ERROR;
				GCC_WARN_UNDECLARED_SELECTOR = YES;
				GCC_WARN_UNINITIALIZED_AUTOS = YES_AGGRESSIVE;
				GCC_WARN_UNUSED_FUNCTION = YES;
				GCC_WARN_UNUSED_VARIABLE = YES;
				IPHONEOS_DEPLOYMENT_TARGET = 16.4;
				MTL_ENABLE_DEBUG_INFO = INCLUDE_SOURCE;
				MTL_FAST_MATH = YES;
				ONLY_ACTIVE_ARCH = YES;
				SDKROOT = iphoneos;
				SWIFT_ACTIVE_COMPILATION_CONDITIONS = DEBUG;
				SWIFT_OPTIMIZATION_LEVEL = "-Onone";
			};
			name = Debug;
		};
		8E4C15592A2699D900AA511B /* Release */ = {
			isa = XCBuildConfiguration;
			buildSettings = {
				ALWAYS_SEARCH_USER_PATHS = NO;
				ASSETCATALOG_COMPILER_GENERATE_SWIFT_ASSET_SYMBOL_EXTENSIONS = YES;
				CLANG_ANALYZER_LOCALIZABILITY_NONLOCALIZED = YES;
				CLANG_ANALYZER_NONNULL = YES;
				CLANG_ANALYZER_NUMBER_OBJECT_CONVERSION = YES_AGGRESSIVE;
				CLANG_CXX_LANGUAGE_STANDARD = "gnu++20";
				CLANG_ENABLE_MODULES = YES;
				CLANG_ENABLE_OBJC_ARC = YES;
				CLANG_ENABLE_OBJC_WEAK = YES;
				CLANG_WARN_BLOCK_CAPTURE_AUTORELEASING = YES;
				CLANG_WARN_BOOL_CONVERSION = YES;
				CLANG_WARN_COMMA = YES;
				CLANG_WARN_CONSTANT_CONVERSION = YES;
				CLANG_WARN_DEPRECATED_OBJC_IMPLEMENTATIONS = YES;
				CLANG_WARN_DIRECT_OBJC_ISA_USAGE = YES_ERROR;
				CLANG_WARN_DOCUMENTATION_COMMENTS = YES;
				CLANG_WARN_EMPTY_BODY = YES;
				CLANG_WARN_ENUM_CONVERSION = YES;
				CLANG_WARN_INFINITE_RECURSION = YES;
				CLANG_WARN_INT_CONVERSION = YES;
				CLANG_WARN_NON_LITERAL_NULL_CONVERSION = YES;
				CLANG_WARN_OBJC_IMPLICIT_RETAIN_SELF = YES;
				CLANG_WARN_OBJC_LITERAL_CONVERSION = YES;
				CLANG_WARN_OBJC_ROOT_CLASS = YES_ERROR;
				CLANG_WARN_QUOTED_INCLUDE_IN_FRAMEWORK_HEADER = YES;
				CLANG_WARN_RANGE_LOOP_ANALYSIS = YES;
				CLANG_WARN_STRICT_PROTOTYPES = YES;
				CLANG_WARN_SUSPICIOUS_MOVE = YES;
				CLANG_WARN_UNGUARDED_AVAILABILITY = YES_AGGRESSIVE;
				CLANG_WARN_UNREACHABLE_CODE = YES;
				CLANG_WARN__DUPLICATE_METHOD_MATCH = YES;
				COPY_PHASE_STRIP = NO;
				DEBUG_INFORMATION_FORMAT = "dwarf-with-dsym";
				ENABLE_NS_ASSERTIONS = NO;
				ENABLE_STRICT_OBJC_MSGSEND = YES;
				ENABLE_USER_SCRIPT_SANDBOXING = YES;
				GCC_C_LANGUAGE_STANDARD = gnu11;
				GCC_NO_COMMON_BLOCKS = YES;
				GCC_WARN_64_TO_32_BIT_CONVERSION = YES;
				GCC_WARN_ABOUT_RETURN_TYPE = YES_ERROR;
				GCC_WARN_UNDECLARED_SELECTOR = YES;
				GCC_WARN_UNINITIALIZED_AUTOS = YES_AGGRESSIVE;
				GCC_WARN_UNUSED_FUNCTION = YES;
				GCC_WARN_UNUSED_VARIABLE = YES;
				IPHONEOS_DEPLOYMENT_TARGET = 16.4;
				MTL_ENABLE_DEBUG_INFO = NO;
				MTL_FAST_MATH = YES;
				SDKROOT = iphoneos;
				SWIFT_COMPILATION_MODE = wholemodule;
				SWIFT_OPTIMIZATION_LEVEL = "-O";
				VALIDATE_PRODUCT = YES;
			};
			name = Release;
		};
		8E4C155B2A2699D900AA511B /* Debug */ = {
			isa = XCBuildConfiguration;
			buildSettings = {
				ASSETCATALOG_COMPILER_APPICON_NAME = AppIcon;
				ASSETCATALOG_COMPILER_GLOBAL_ACCENT_COLOR_NAME = AccentColor;
				CODE_SIGN_STYLE = Automatic;
				CURRENT_PROJECT_VERSION = 1;
				DEVELOPMENT_TEAM = M4YMDNRFZP;
				GENERATE_INFOPLIST_FILE = YES;
				INFOPLIST_FILE = "Social Media/Info.plist";
				INFOPLIST_KEY_CFBundleDisplayName = GoSocial;
				INFOPLIST_KEY_LSApplicationCategoryType = "public.app-category.social-networking";
				INFOPLIST_KEY_UIApplicationSupportsIndirectInputEvents = YES;
				INFOPLIST_KEY_UILaunchStoryboardName = LaunchScreen;
				INFOPLIST_KEY_UISupportedInterfaceOrientations_iPad = "UIInterfaceOrientationPortrait UIInterfaceOrientationPortraitUpsideDown UIInterfaceOrientationLandscapeLeft UIInterfaceOrientationLandscapeRight";
				INFOPLIST_KEY_UISupportedInterfaceOrientations_iPhone = "UIInterfaceOrientationPortrait UIInterfaceOrientationLandscapeLeft UIInterfaceOrientationLandscapeRight";
				IPHONEOS_DEPLOYMENT_TARGET = 17.0;
				LD_RUNPATH_SEARCH_PATHS = (
					"$(inherited)",
					"@executable_path/Frameworks",
				);
				MARKETING_VERSION = 1.0;
				PRODUCT_BUNDLE_IDENTIFIER = "Philipp-Lazarev.Social-Media";
				PRODUCT_NAME = "$(TARGET_NAME)";
				SUPPORTED_PLATFORMS = "iphoneos iphonesimulator";
				SUPPORTS_MACCATALYST = NO;
				SUPPORTS_MAC_DESIGNED_FOR_IPHONE_IPAD = NO;
				SWIFT_EMIT_LOC_STRINGS = YES;
				SWIFT_VERSION = 5.0;
				TARGETED_DEVICE_FAMILY = "1,2";
			};
			name = Debug;
		};
		8E4C155C2A2699D900AA511B /* Release */ = {
			isa = XCBuildConfiguration;
			buildSettings = {
				ASSETCATALOG_COMPILER_APPICON_NAME = AppIcon;
				ASSETCATALOG_COMPILER_GLOBAL_ACCENT_COLOR_NAME = AccentColor;
				CODE_SIGN_STYLE = Automatic;
				CURRENT_PROJECT_VERSION = 1;
				DEVELOPMENT_TEAM = M4YMDNRFZP;
				GENERATE_INFOPLIST_FILE = YES;
				INFOPLIST_FILE = "Social Media/Info.plist";
				INFOPLIST_KEY_CFBundleDisplayName = GoSocial;
				INFOPLIST_KEY_LSApplicationCategoryType = "public.app-category.social-networking";
				INFOPLIST_KEY_UIApplicationSupportsIndirectInputEvents = YES;
				INFOPLIST_KEY_UILaunchStoryboardName = LaunchScreen;
				INFOPLIST_KEY_UISupportedInterfaceOrientations_iPad = "UIInterfaceOrientationPortrait UIInterfaceOrientationPortraitUpsideDown UIInterfaceOrientationLandscapeLeft UIInterfaceOrientationLandscapeRight";
				INFOPLIST_KEY_UISupportedInterfaceOrientations_iPhone = "UIInterfaceOrientationPortrait UIInterfaceOrientationLandscapeLeft UIInterfaceOrientationLandscapeRight";
				IPHONEOS_DEPLOYMENT_TARGET = 17.0;
				LD_RUNPATH_SEARCH_PATHS = (
					"$(inherited)",
					"@executable_path/Frameworks",
				);
				MARKETING_VERSION = 1.0;
				PRODUCT_BUNDLE_IDENTIFIER = "Philipp-Lazarev.Social-Media";
				PRODUCT_NAME = "$(TARGET_NAME)";
				SUPPORTED_PLATFORMS = "iphoneos iphonesimulator";
				SUPPORTS_MACCATALYST = NO;
				SUPPORTS_MAC_DESIGNED_FOR_IPHONE_IPAD = NO;
				SWIFT_EMIT_LOC_STRINGS = YES;
				SWIFT_VERSION = 5.0;
				TARGETED_DEVICE_FAMILY = "1,2";
			};
			name = Release;
		};
/* End XCBuildConfiguration section */

/* Begin XCConfigurationList section */
		8E4C15412A2699D800AA511B /* Build configuration list for PBXProject "Social Media" */ = {
			isa = XCConfigurationList;
			buildConfigurations = (
				8E4C15582A2699D900AA511B /* Debug */,
				8E4C15592A2699D900AA511B /* Release */,
			);
			defaultConfigurationIsVisible = 0;
			defaultConfigurationName = Release;
		};
		8E4C155A2A2699D900AA511B /* Build configuration list for PBXNativeTarget "Social Media" */ = {
			isa = XCConfigurationList;
			buildConfigurations = (
				8E4C155B2A2699D900AA511B /* Debug */,
				8E4C155C2A2699D900AA511B /* Release */,
			);
			defaultConfigurationIsVisible = 0;
			defaultConfigurationName = Release;
		};
/* End XCConfigurationList section */

/* Begin XCRemoteSwiftPackageReference section */
		8ECCBF582C32095300D5C4C4 /* XCRemoteSwiftPackageReference "firebase-ios-sdk" */ = {
			isa = XCRemoteSwiftPackageReference;
			repositoryURL = "https://github.com/firebase/firebase-ios-sdk";
			requirement = {
				kind = upToNextMajorVersion;
				minimumVersion = 10.28.1;
			};
		};
		8EDF8EDF2B6041A300154433 /* XCRemoteSwiftPackageReference "iOSIntPackage" */ = {
			isa = XCRemoteSwiftPackageReference;
			repositoryURL = "https://github.com/TrueMax/iOSIntPackage";
			requirement = {
				branch = imagepublisher;
				kind = branch;
			};
		};
/* End XCRemoteSwiftPackageReference section */

/* Begin XCSwiftPackageProductDependency section */
		8E5146FB2C92266D0032DB99 /* FirebaseStorage */ = {
			isa = XCSwiftPackageProductDependency;
			package = 8ECCBF582C32095300D5C4C4 /* XCRemoteSwiftPackageReference "firebase-ios-sdk" */;
			productName = FirebaseStorage;
		};
		8ECCBF592C32095300D5C4C4 /* FirebaseAuth */ = {
			isa = XCSwiftPackageProductDependency;
			package = 8ECCBF582C32095300D5C4C4 /* XCRemoteSwiftPackageReference "firebase-ios-sdk" */;
			productName = FirebaseAuth;
		};
		8ECCBF5B2C32095300D5C4C4 /* FirebaseFirestore */ = {
			isa = XCSwiftPackageProductDependency;
			package = 8ECCBF582C32095300D5C4C4 /* XCRemoteSwiftPackageReference "firebase-ios-sdk" */;
			productName = FirebaseFirestore;
		};
		8ECCBF5D2C32095300D5C4C4 /* FirebaseFirestoreSwift */ = {
			isa = XCSwiftPackageProductDependency;
			package = 8ECCBF582C32095300D5C4C4 /* XCRemoteSwiftPackageReference "firebase-ios-sdk" */;
			productName = FirebaseFirestoreSwift;
		};
		8ECCBF612C32E38700D5C4C4 /* FirebaseDatabase */ = {
			isa = XCSwiftPackageProductDependency;
			package = 8ECCBF582C32095300D5C4C4 /* XCRemoteSwiftPackageReference "firebase-ios-sdk" */;
			productName = FirebaseDatabase;
		};
		8EDF8EE02B6041A300154433 /* iOSIntPackage */ = {
			isa = XCSwiftPackageProductDependency;
			package = 8EDF8EDF2B6041A300154433 /* XCRemoteSwiftPackageReference "iOSIntPackage" */;
			productName = iOSIntPackage;
		};
/* End XCSwiftPackageProductDependency section */
	};
	rootObject = 8E4C153E2A2699D800AA511B /* Project object */;
}
