// !$*UTF8*$!
{
	archiveVersion = 1;
	classes = {
	};
	objectVersion = 56;
	objects = {

/* Begin PBXBuildFile section */
		8E1F68042A51739C008AE130 /* PostViewCell.swift in Sources */ = {isa = PBXBuildFile; fileRef = 8E1F68032A51739C008AE130 /* PostViewCell.swift */; };
		8E2D1B322A54BE3400003EFF /* UserData.swift in Sources */ = {isa = PBXBuildFile; fileRef = 8E2D1B312A54BE3400003EFF /* UserData.swift */; };
		8E2D1B342A54C32300003EFF /* UserPosts.swift in Sources */ = {isa = PBXBuildFile; fileRef = 8E2D1B332A54C32300003EFF /* UserPosts.swift */; };
		8E4C154A2A2699D800AA511B /* AppDelegate.swift in Sources */ = {isa = PBXBuildFile; fileRef = 8E4C15492A2699D800AA511B /* AppDelegate.swift */; };
		8E4C154C2A2699D800AA511B /* SceneDelegate.swift in Sources */ = {isa = PBXBuildFile; fileRef = 8E4C154B2A2699D800AA511B /* SceneDelegate.swift */; };
		8E4C15532A2699D900AA511B /* Assets.xcassets in Resources */ = {isa = PBXBuildFile; fileRef = 8E4C15522A2699D900AA511B /* Assets.xcassets */; };
		8E4C15562A2699D900AA511B /* LaunchScreen.storyboard in Resources */ = {isa = PBXBuildFile; fileRef = 8E4C15542A2699D900AA511B /* LaunchScreen.storyboard */; };
		8E4C155E2A269B9200AA511B /* Constant.swift in Sources */ = {isa = PBXBuildFile; fileRef = 8E4C155D2A269B9200AA511B /* Constant.swift */; };
		8E4C15612A269C0200AA511B /* ErrorViewController.swift in Sources */ = {isa = PBXBuildFile; fileRef = 8E4C15602A269C0200AA511B /* ErrorViewController.swift */; };
		8E4C15632A269C1E00AA511B /* FeedViewController.swift in Sources */ = {isa = PBXBuildFile; fileRef = 8E4C15622A269C1E00AA511B /* FeedViewController.swift */; };
		8E4C15652A269C4400AA511B /* InfoViewController.swift in Sources */ = {isa = PBXBuildFile; fileRef = 8E4C15642A269C4400AA511B /* InfoViewController.swift */; };
		8E4C15692A269C7A00AA511B /* ProfileViewController.swift in Sources */ = {isa = PBXBuildFile; fileRef = 8E4C15682A269C7A00AA511B /* ProfileViewController.swift */; };
		8E586B4C2AA877BD00D89AF6 /* PhotosViewController.swift in Sources */ = {isa = PBXBuildFile; fileRef = 8E586B4B2AA877BD00D89AF6 /* PhotosViewController.swift */; };
		8E586B522AA898B500D89AF6 /* PhotosCollectionViewCell.swift in Sources */ = {isa = PBXBuildFile; fileRef = 8E586B512AA898B500D89AF6 /* PhotosCollectionViewCell.swift */; };
		8E9B6D0A2A55944B009AD181 /* PostView.swift in Sources */ = {isa = PBXBuildFile; fileRef = 8E9B6D092A55944B009AD181 /* PostView.swift */; };
		8E9B6D0C2A561A2C009AD181 /* AnyProfileHeaderView.swift in Sources */ = {isa = PBXBuildFile; fileRef = 8E9B6D0B2A561A2C009AD181 /* AnyProfileHeaderView.swift */; };
		8EAD99682A599704004D3BEF /* PhotosTableViewCell.swift in Sources */ = {isa = PBXBuildFile; fileRef = 8EAD99672A599704004D3BEF /* PhotosTableViewCell.swift */; };
		8EC3113C2A4C3540006C8FA2 /* Extensions.swift in Sources */ = {isa = PBXBuildFile; fileRef = 8EC3113B2A4C3540006C8FA2 /* Extensions.swift */; };
		8EC3113E2A4CB631006C8FA2 /* LogInViewController.swift in Sources */ = {isa = PBXBuildFile; fileRef = 8EC3113D2A4CB631006C8FA2 /* LogInViewController.swift */; };
		8EF48DA52A27797F0099166A /* ProfileHeaderView.swift in Sources */ = {isa = PBXBuildFile; fileRef = 8EF48DA42A27797F0099166A /* ProfileHeaderView.swift */; };
/* End PBXBuildFile section */

/* Begin PBXFileReference section */
		8E1F68032A51739C008AE130 /* PostViewCell.swift */ = {isa = PBXFileReference; lastKnownFileType = sourcecode.swift; path = PostViewCell.swift; sourceTree = "<group>"; };
		8E2D1B312A54BE3400003EFF /* UserData.swift */ = {isa = PBXFileReference; lastKnownFileType = sourcecode.swift; path = UserData.swift; sourceTree = "<group>"; };
		8E2D1B332A54C32300003EFF /* UserPosts.swift */ = {isa = PBXFileReference; lastKnownFileType = sourcecode.swift; path = UserPosts.swift; sourceTree = "<group>"; };
		8E4C15462A2699D800AA511B /* Social Media.app */ = {isa = PBXFileReference; explicitFileType = wrapper.application; includeInIndex = 0; path = "Social Media.app"; sourceTree = BUILT_PRODUCTS_DIR; };
		8E4C15492A2699D800AA511B /* AppDelegate.swift */ = {isa = PBXFileReference; lastKnownFileType = sourcecode.swift; path = AppDelegate.swift; sourceTree = "<group>"; };
		8E4C154B2A2699D800AA511B /* SceneDelegate.swift */ = {isa = PBXFileReference; lastKnownFileType = sourcecode.swift; path = SceneDelegate.swift; sourceTree = "<group>"; };
		8E4C15522A2699D900AA511B /* Assets.xcassets */ = {isa = PBXFileReference; lastKnownFileType = folder.assetcatalog; path = Assets.xcassets; sourceTree = "<group>"; };
		8E4C15552A2699D900AA511B /* Base */ = {isa = PBXFileReference; lastKnownFileType = file.storyboard; name = Base; path = Base.lproj/LaunchScreen.storyboard; sourceTree = "<group>"; };
		8E4C15572A2699D900AA511B /* Info.plist */ = {isa = PBXFileReference; lastKnownFileType = text.plist.xml; path = Info.plist; sourceTree = "<group>"; };
		8E4C155D2A269B9200AA511B /* Constant.swift */ = {isa = PBXFileReference; lastKnownFileType = sourcecode.swift; path = Constant.swift; sourceTree = "<group>"; };
		8E4C15602A269C0200AA511B /* ErrorViewController.swift */ = {isa = PBXFileReference; lastKnownFileType = sourcecode.swift; path = ErrorViewController.swift; sourceTree = "<group>"; };
		8E4C15622A269C1E00AA511B /* FeedViewController.swift */ = {isa = PBXFileReference; lastKnownFileType = sourcecode.swift; path = FeedViewController.swift; sourceTree = "<group>"; };
		8E4C15642A269C4400AA511B /* InfoViewController.swift */ = {isa = PBXFileReference; lastKnownFileType = sourcecode.swift; path = InfoViewController.swift; sourceTree = "<group>"; };
		8E4C15682A269C7A00AA511B /* ProfileViewController.swift */ = {isa = PBXFileReference; lastKnownFileType = sourcecode.swift; path = ProfileViewController.swift; sourceTree = "<group>"; };
		8E586B4B2AA877BD00D89AF6 /* PhotosViewController.swift */ = {isa = PBXFileReference; lastKnownFileType = sourcecode.swift; path = PhotosViewController.swift; sourceTree = "<group>"; };
		8E586B512AA898B500D89AF6 /* PhotosCollectionViewCell.swift */ = {isa = PBXFileReference; lastKnownFileType = sourcecode.swift; path = PhotosCollectionViewCell.swift; sourceTree = "<group>"; };
		8E9B6D092A55944B009AD181 /* PostView.swift */ = {isa = PBXFileReference; lastKnownFileType = sourcecode.swift; path = PostView.swift; sourceTree = "<group>"; };
		8E9B6D0B2A561A2C009AD181 /* AnyProfileHeaderView.swift */ = {isa = PBXFileReference; lastKnownFileType = sourcecode.swift; path = AnyProfileHeaderView.swift; sourceTree = "<group>"; };
		8EAD99672A599704004D3BEF /* PhotosTableViewCell.swift */ = {isa = PBXFileReference; lastKnownFileType = sourcecode.swift; path = PhotosTableViewCell.swift; sourceTree = "<group>"; };
		8EC3113B2A4C3540006C8FA2 /* Extensions.swift */ = {isa = PBXFileReference; lastKnownFileType = sourcecode.swift; path = Extensions.swift; sourceTree = "<group>"; };
		8EC3113D2A4CB631006C8FA2 /* LogInViewController.swift */ = {isa = PBXFileReference; lastKnownFileType = sourcecode.swift; path = LogInViewController.swift; sourceTree = "<group>"; };
		8EF48DA42A27797F0099166A /* ProfileHeaderView.swift */ = {isa = PBXFileReference; lastKnownFileType = sourcecode.swift; path = ProfileHeaderView.swift; sourceTree = "<group>"; };
/* End PBXFileReference section */

/* Begin PBXFrameworksBuildPhase section */
		8E4C15432A2699D800AA511B /* Frameworks */ = {
			isa = PBXFrameworksBuildPhase;
			buildActionMask = 2147483647;
			files = (
			);
			runOnlyForDeploymentPostprocessing = 0;
		};
/* End PBXFrameworksBuildPhase section */

/* Begin PBXGroup section */
		8E3FC4B52A4D8D040064F250 /* LogIn */ = {
			isa = PBXGroup;
			children = (
				8EC3113D2A4CB631006C8FA2 /* LogInViewController.swift */,
			);
			path = LogIn;
			sourceTree = "<group>";
		};
		8E3FC4B62A4D8D690064F250 /* Error */ = {
			isa = PBXGroup;
			children = (
				8E4C15602A269C0200AA511B /* ErrorViewController.swift */,
			);
			path = Error;
			sourceTree = "<group>";
		};
		8E3FC4B72A4D8D760064F250 /* Feed */ = {
			isa = PBXGroup;
			children = (
				8E4C15622A269C1E00AA511B /* FeedViewController.swift */,
			);
			path = Feed;
			sourceTree = "<group>";
		};
		8E3FC4B82A4D8D850064F250 /* Info */ = {
			isa = PBXGroup;
			children = (
				8E4C15642A269C4400AA511B /* InfoViewController.swift */,
			);
			path = Info;
			sourceTree = "<group>";
		};
		8E3FC4B92A4D8D930064F250 /* Post */ = {
			isa = PBXGroup;
			children = (
				8E1F68032A51739C008AE130 /* PostViewCell.swift */,
				8E9B6D092A55944B009AD181 /* PostView.swift */,
			);
			path = Post;
			sourceTree = "<group>";
		};
		8E4C153D2A2699D800AA511B = {
			isa = PBXGroup;
			children = (
				8E4C15482A2699D800AA511B /* Social Media */,
				8E4C15472A2699D800AA511B /* Products */,
			);
			sourceTree = "<group>";
		};
		8E4C15472A2699D800AA511B /* Products */ = {
			isa = PBXGroup;
			children = (
				8E4C15462A2699D800AA511B /* Social Media.app */,
			);
			name = Products;
			sourceTree = "<group>";
		};
		8E4C15482A2699D800AA511B /* Social Media */ = {
			isa = PBXGroup;
			children = (
				8EC311392A4C3017006C8FA2 /* Delegates */,
				8E4C155F2A269BD900AA511B /* Modules */,
				8E4C15522A2699D900AA511B /* Assets.xcassets */,
				8E4C155D2A269B9200AA511B /* Constant.swift */,
				8E2D1B312A54BE3400003EFF /* UserData.swift */,
				8E2D1B332A54C32300003EFF /* UserPosts.swift */,
				8EC3113B2A4C3540006C8FA2 /* Extensions.swift */,
				8E4C15542A2699D900AA511B /* LaunchScreen.storyboard */,
				8E4C15572A2699D900AA511B /* Info.plist */,
			);
			path = "Social Media";
			sourceTree = "<group>";
		};
		8E4C155F2A269BD900AA511B /* Modules */ = {
			isa = PBXGroup;
			children = (
				8E586B502AA8976D00D89AF6 /* Extensions */,
				8E3FC4B72A4D8D760064F250 /* Feed */,
				8E3FC4B52A4D8D040064F250 /* LogIn */,
				8EC8A3E42A2778D2008CC17C /* Profile */,
				8E3FC4B92A4D8D930064F250 /* Post */,
				8E3FC4B82A4D8D850064F250 /* Info */,
				8E3FC4B62A4D8D690064F250 /* Error */,
			);
			path = Modules;
			sourceTree = "<group>";
		};
		8E586B4D2AA896D300D89AF6 /* ProfileHeader */ = {
			isa = PBXGroup;
			children = (
				8EF48DA42A27797F0099166A /* ProfileHeaderView.swift */,
				8E9B6D0B2A561A2C009AD181 /* AnyProfileHeaderView.swift */,
			);
			path = ProfileHeader;
			sourceTree = "<group>";
		};
		8E586B4E2AA896EB00D89AF6 /* ProfilePhotos */ = {
			isa = PBXGroup;
			children = (
				8EAD99672A599704004D3BEF /* PhotosTableViewCell.swift */,
				8E586B4B2AA877BD00D89AF6 /* PhotosViewController.swift */,
				8E586B512AA898B500D89AF6 /* PhotosCollectionViewCell.swift */,
			);
			path = ProfilePhotos;
			sourceTree = "<group>";
		};
		8E586B502AA8976D00D89AF6 /* Extensions */ = {
			isa = PBXGroup;
			children = (
			);
			path = Extensions;
			sourceTree = "<group>";
		};
		8EC311392A4C3017006C8FA2 /* Delegates */ = {
			isa = PBXGroup;
			children = (
				8E4C15492A2699D800AA511B /* AppDelegate.swift */,
				8E4C154B2A2699D800AA511B /* SceneDelegate.swift */,
			);
			path = Delegates;
			sourceTree = "<group>";
		};
		8EC8A3E42A2778D2008CC17C /* Profile */ = {
			isa = PBXGroup;
			children = (
				8E4C15682A269C7A00AA511B /* ProfileViewController.swift */,
				8E586B4D2AA896D300D89AF6 /* ProfileHeader */,
				8E586B4E2AA896EB00D89AF6 /* ProfilePhotos */,
			);
			path = Profile;
			sourceTree = "<group>";
		};
/* End PBXGroup section */

/* Begin PBXNativeTarget section */
		8E4C15452A2699D800AA511B /* Social Media */ = {
			isa = PBXNativeTarget;
			buildConfigurationList = 8E4C155A2A2699D900AA511B /* Build configuration list for PBXNativeTarget "Social Media" */;
			buildPhases = (
				8E4C15422A2699D800AA511B /* Sources */,
				8E4C15432A2699D800AA511B /* Frameworks */,
				8E4C15442A2699D800AA511B /* Resources */,
			);
			buildRules = (
			);
			dependencies = (
			);
			name = "Social Media";
			productName = "Social Media";
			productReference = 8E4C15462A2699D800AA511B /* Social Media.app */;
			productType = "com.apple.product-type.application";
		};
/* End PBXNativeTarget section */

/* Begin PBXProject section */
		8E4C153E2A2699D800AA511B /* Project object */ = {
			isa = PBXProject;
			attributes = {
				BuildIndependentTargetsInParallel = 1;
				LastSwiftUpdateCheck = 1430;
				LastUpgradeCheck = 1430;
				TargetAttributes = {
					8E4C15452A2699D800AA511B = {
						CreatedOnToolsVersion = 14.3;
					};
				};
			};
			buildConfigurationList = 8E4C15412A2699D800AA511B /* Build configuration list for PBXProject "Social Media" */;
			compatibilityVersion = "Xcode 14.0";
			developmentRegion = en;
			hasScannedForEncodings = 0;
			knownRegions = (
				en,
				Base,
			);
			mainGroup = 8E4C153D2A2699D800AA511B;
			productRefGroup = 8E4C15472A2699D800AA511B /* Products */;
			projectDirPath = "";
			projectRoot = "";
			targets = (
				8E4C15452A2699D800AA511B /* Social Media */,
			);
		};
/* End PBXProject section */

/* Begin PBXResourcesBuildPhase section */
		8E4C15442A2699D800AA511B /* Resources */ = {
			isa = PBXResourcesBuildPhase;
			buildActionMask = 2147483647;
			files = (
				8E4C15562A2699D900AA511B /* LaunchScreen.storyboard in Resources */,
				8E4C15532A2699D900AA511B /* Assets.xcassets in Resources */,
			);
			runOnlyForDeploymentPostprocessing = 0;
		};
/* End PBXResourcesBuildPhase section */

/* Begin PBXSourcesBuildPhase section */
		8E4C15422A2699D800AA511B /* Sources */ = {
			isa = PBXSourcesBuildPhase;
			buildActionMask = 2147483647;
			files = (
				8E4C154A2A2699D800AA511B /* AppDelegate.swift in Sources */,
				8E9B6D0C2A561A2C009AD181 /* AnyProfileHeaderView.swift in Sources */,
				8E2D1B322A54BE3400003EFF /* UserData.swift in Sources */,
				8E4C15612A269C0200AA511B /* ErrorViewController.swift in Sources */,
				8EAD99682A599704004D3BEF /* PhotosTableViewCell.swift in Sources */,
				8EC3113E2A4CB631006C8FA2 /* LogInViewController.swift in Sources */,
				8E4C154C2A2699D800AA511B /* SceneDelegate.swift in Sources */,
				8EF48DA52A27797F0099166A /* ProfileHeaderView.swift in Sources */,
				8E586B4C2AA877BD00D89AF6 /* PhotosViewController.swift in Sources */,
				8E4C15632A269C1E00AA511B /* FeedViewController.swift in Sources */,
				8E4C15652A269C4400AA511B /* InfoViewController.swift in Sources */,
				8E586B522AA898B500D89AF6 /* PhotosCollectionViewCell.swift in Sources */,
				8E9B6D0A2A55944B009AD181 /* PostView.swift in Sources */,
				8E2D1B342A54C32300003EFF /* UserPosts.swift in Sources */,
				8E4C15692A269C7A00AA511B /* ProfileViewController.swift in Sources */,
				8EC3113C2A4C3540006C8FA2 /* Extensions.swift in Sources */,
				8E1F68042A51739C008AE130 /* PostViewCell.swift in Sources */,
				8E4C155E2A269B9200AA511B /* Constant.swift in Sources */,
			);
			runOnlyForDeploymentPostprocessing = 0;
		};
/* End PBXSourcesBuildPhase section */

/* Begin PBXVariantGroup section */
		8E4C15542A2699D900AA511B /* LaunchScreen.storyboard */ = {
			isa = PBXVariantGroup;
			children = (
				8E4C15552A2699D900AA511B /* Base */,
			);
			name = LaunchScreen.storyboard;
			sourceTree = "<group>";
		};
/* End PBXVariantGroup section */

/* Begin XCBuildConfiguration section */
		8E4C15582A2699D900AA511B /* Debug */ = {
			isa = XCBuildConfiguration;
			buildSettings = {
				ALWAYS_SEARCH_USER_PATHS = NO;
				CLANG_ANALYZER_NONNULL = YES;
				CLANG_ANALYZER_NUMBER_OBJECT_CONVERSION = YES_AGGRESSIVE;
				CLANG_CXX_LANGUAGE_STANDARD = "gnu++20";
				CLANG_ENABLE_MODULES = YES;
				CLANG_ENABLE_OBJC_ARC = YES;
				CLANG_ENABLE_OBJC_WEAK = YES;
				CLANG_WARN_BLOCK_CAPTURE_AUTORELEASING = YES;
				CLANG_WARN_BOOL_CONVERSION = YES;
				CLANG_WARN_COMMA = YES;
				CLANG_WARN_CONSTANT_CONVERSION = YES;
				CLANG_WARN_DEPRECATED_OBJC_IMPLEMENTATIONS = YES;
				CLANG_WARN_DIRECT_OBJC_ISA_USAGE = YES_ERROR;
				CLANG_WARN_DOCUMENTATION_COMMENTS = YES;
				CLANG_WARN_EMPTY_BODY = YES;
				CLANG_WARN_ENUM_CONVERSION = YES;
				CLANG_WARN_INFINITE_RECURSION = YES;
				CLANG_WARN_INT_CONVERSION = YES;
				CLANG_WARN_NON_LITERAL_NULL_CONVERSION = YES;
				CLANG_WARN_OBJC_IMPLICIT_RETAIN_SELF = YES;
				CLANG_WARN_OBJC_LITERAL_CONVERSION = YES;
				CLANG_WARN_OBJC_ROOT_CLASS = YES_ERROR;
				CLANG_WARN_QUOTED_INCLUDE_IN_FRAMEWORK_HEADER = YES;
				CLANG_WARN_RANGE_LOOP_ANALYSIS = YES;
				CLANG_WARN_STRICT_PROTOTYPES = YES;
				CLANG_WARN_SUSPICIOUS_MOVE = YES;
				CLANG_WARN_UNGUARDED_AVAILABILITY = YES_AGGRESSIVE;
				CLANG_WARN_UNREACHABLE_CODE = YES;
				CLANG_WARN__DUPLICATE_METHOD_MATCH = YES;
				COPY_PHASE_STRIP = NO;
				DEBUG_INFORMATION_FORMAT = dwarf;
				ENABLE_STRICT_OBJC_MSGSEND = YES;
				ENABLE_TESTABILITY = YES;
				GCC_C_LANGUAGE_STANDARD = gnu11;
				GCC_DYNAMIC_NO_PIC = NO;
				GCC_NO_COMMON_BLOCKS = YES;
				GCC_OPTIMIZATION_LEVEL = 0;
				GCC_PREPROCESSOR_DEFINITIONS = (
					"DEBUG=1",
					"$(inherited)",
				);
				GCC_WARN_64_TO_32_BIT_CONVERSION = YES;
				GCC_WARN_ABOUT_RETURN_TYPE = YES_ERROR;
				GCC_WARN_UNDECLARED_SELECTOR = YES;
				GCC_WARN_UNINITIALIZED_AUTOS = YES_AGGRESSIVE;
				GCC_WARN_UNUSED_FUNCTION = YES;
				GCC_WARN_UNUSED_VARIABLE = YES;
				IPHONEOS_DEPLOYMENT_TARGET = 16.4;
				MTL_ENABLE_DEBUG_INFO = INCLUDE_SOURCE;
				MTL_FAST_MATH = YES;
				ONLY_ACTIVE_ARCH = YES;
				SDKROOT = iphoneos;
				SWIFT_ACTIVE_COMPILATION_CONDITIONS = DEBUG;
				SWIFT_OPTIMIZATION_LEVEL = "-Onone";
			};
			name = Debug;
		};
		8E4C15592A2699D900AA511B /* Release */ = {
			isa = XCBuildConfiguration;
			buildSettings = {
				ALWAYS_SEARCH_USER_PATHS = NO;
				CLANG_ANALYZER_NONNULL = YES;
				CLANG_ANALYZER_NUMBER_OBJECT_CONVERSION = YES_AGGRESSIVE;
				CLANG_CXX_LANGUAGE_STANDARD = "gnu++20";
				CLANG_ENABLE_MODULES = YES;
				CLANG_ENABLE_OBJC_ARC = YES;
				CLANG_ENABLE_OBJC_WEAK = YES;
				CLANG_WARN_BLOCK_CAPTURE_AUTORELEASING = YES;
				CLANG_WARN_BOOL_CONVERSION = YES;
				CLANG_WARN_COMMA = YES;
				CLANG_WARN_CONSTANT_CONVERSION = YES;
				CLANG_WARN_DEPRECATED_OBJC_IMPLEMENTATIONS = YES;
				CLANG_WARN_DIRECT_OBJC_ISA_USAGE = YES_ERROR;
				CLANG_WARN_DOCUMENTATION_COMMENTS = YES;
				CLANG_WARN_EMPTY_BODY = YES;
				CLANG_WARN_ENUM_CONVERSION = YES;
				CLANG_WARN_INFINITE_RECURSION = YES;
				CLANG_WARN_INT_CONVERSION = YES;
				CLANG_WARN_NON_LITERAL_NULL_CONVERSION = YES;
				CLANG_WARN_OBJC_IMPLICIT_RETAIN_SELF = YES;
				CLANG_WARN_OBJC_LITERAL_CONVERSION = YES;
				CLANG_WARN_OBJC_ROOT_CLASS = YES_ERROR;
				CLANG_WARN_QUOTED_INCLUDE_IN_FRAMEWORK_HEADER = YES;
				CLANG_WARN_RANGE_LOOP_ANALYSIS = YES;
				CLANG_WARN_STRICT_PROTOTYPES = YES;
				CLANG_WARN_SUSPICIOUS_MOVE = YES;
				CLANG_WARN_UNGUARDED_AVAILABILITY = YES_AGGRESSIVE;
				CLANG_WARN_UNREACHABLE_CODE = YES;
				CLANG_WARN__DUPLICATE_METHOD_MATCH = YES;
				COPY_PHASE_STRIP = NO;
				DEBUG_INFORMATION_FORMAT = "dwarf-with-dsym";
				ENABLE_NS_ASSERTIONS = NO;
				ENABLE_STRICT_OBJC_MSGSEND = YES;
				GCC_C_LANGUAGE_STANDARD = gnu11;
				GCC_NO_COMMON_BLOCKS = YES;
				GCC_WARN_64_TO_32_BIT_CONVERSION = YES;
				GCC_WARN_ABOUT_RETURN_TYPE = YES_ERROR;
				GCC_WARN_UNDECLARED_SELECTOR = YES;
				GCC_WARN_UNINITIALIZED_AUTOS = YES_AGGRESSIVE;
				GCC_WARN_UNUSED_FUNCTION = YES;
				GCC_WARN_UNUSED_VARIABLE = YES;
				IPHONEOS_DEPLOYMENT_TARGET = 16.4;
				MTL_ENABLE_DEBUG_INFO = NO;
				MTL_FAST_MATH = YES;
				SDKROOT = iphoneos;
				SWIFT_COMPILATION_MODE = wholemodule;
				SWIFT_OPTIMIZATION_LEVEL = "-O";
				VALIDATE_PRODUCT = YES;
			};
			name = Release;
		};
		8E4C155B2A2699D900AA511B /* Debug */ = {
			isa = XCBuildConfiguration;
			buildSettings = {
				ASSETCATALOG_COMPILER_APPICON_NAME = AppIcon;
				ASSETCATALOG_COMPILER_GLOBAL_ACCENT_COLOR_NAME = AccentColor;
				CODE_SIGN_STYLE = Automatic;
				CURRENT_PROJECT_VERSION = 1;
				DEVELOPMENT_TEAM = M4YMDNRFZP;
				GENERATE_INFOPLIST_FILE = YES;
				INFOPLIST_FILE = "Social Media/Info.plist";
				INFOPLIST_KEY_UIApplicationSupportsIndirectInputEvents = YES;
				INFOPLIST_KEY_UILaunchStoryboardName = LaunchScreen;
				INFOPLIST_KEY_UISupportedInterfaceOrientations_iPad = "UIInterfaceOrientationPortrait UIInterfaceOrientationPortraitUpsideDown UIInterfaceOrientationLandscapeLeft UIInterfaceOrientationLandscapeRight";
				INFOPLIST_KEY_UISupportedInterfaceOrientations_iPhone = "UIInterfaceOrientationPortrait UIInterfaceOrientationLandscapeLeft UIInterfaceOrientationLandscapeRight";
				LD_RUNPATH_SEARCH_PATHS = (
					"$(inherited)",
					"@executable_path/Frameworks",
				);
				MARKETING_VERSION = 1.0;
				PRODUCT_BUNDLE_IDENTIFIER = "Philipp-Lazarev.Social-Media";
				PRODUCT_NAME = "$(TARGET_NAME)";
				SWIFT_EMIT_LOC_STRINGS = YES;
				SWIFT_VERSION = 5.0;
				TARGETED_DEVICE_FAMILY = "1,2";
			};
			name = Debug;
		};
		8E4C155C2A2699D900AA511B /* Release */ = {
			isa = XCBuildConfiguration;
			buildSettings = {
				ASSETCATALOG_COMPILER_APPICON_NAME = AppIcon;
				ASSETCATALOG_COMPILER_GLOBAL_ACCENT_COLOR_NAME = AccentColor;
				CODE_SIGN_STYLE = Automatic;
				CURRENT_PROJECT_VERSION = 1;
				DEVELOPMENT_TEAM = M4YMDNRFZP;
				GENERATE_INFOPLIST_FILE = YES;
				INFOPLIST_FILE = "Social Media/Info.plist";
				INFOPLIST_KEY_UIApplicationSupportsIndirectInputEvents = YES;
				INFOPLIST_KEY_UILaunchStoryboardName = LaunchScreen;
				INFOPLIST_KEY_UISupportedInterfaceOrientations_iPad = "UIInterfaceOrientationPortrait UIInterfaceOrientationPortraitUpsideDown UIInterfaceOrientationLandscapeLeft UIInterfaceOrientationLandscapeRight";
				INFOPLIST_KEY_UISupportedInterfaceOrientations_iPhone = "UIInterfaceOrientationPortrait UIInterfaceOrientationLandscapeLeft UIInterfaceOrientationLandscapeRight";
				LD_RUNPATH_SEARCH_PATHS = (
					"$(inherited)",
					"@executable_path/Frameworks",
				);
				MARKETING_VERSION = 1.0;
				PRODUCT_BUNDLE_IDENTIFIER = "Philipp-Lazarev.Social-Media";
				PRODUCT_NAME = "$(TARGET_NAME)";
				SWIFT_EMIT_LOC_STRINGS = YES;
				SWIFT_VERSION = 5.0;
				TARGETED_DEVICE_FAMILY = "1,2";
			};
			name = Release;
		};
/* End XCBuildConfiguration section */

/* Begin XCConfigurationList section */
		8E4C15412A2699D800AA511B /* Build configuration list for PBXProject "Social Media" */ = {
			isa = XCConfigurationList;
			buildConfigurations = (
				8E4C15582A2699D900AA511B /* Debug */,
				8E4C15592A2699D900AA511B /* Release */,
			);
			defaultConfigurationIsVisible = 0;
			defaultConfigurationName = Release;
		};
		8E4C155A2A2699D900AA511B /* Build configuration list for PBXNativeTarget "Social Media" */ = {
			isa = XCConfigurationList;
			buildConfigurations = (
				8E4C155B2A2699D900AA511B /* Debug */,
				8E4C155C2A2699D900AA511B /* Release */,
			);
			defaultConfigurationIsVisible = 0;
			defaultConfigurationName = Release;
		};
/* End XCConfigurationList section */
	};
	rootObject = 8E4C153E2A2699D800AA511B /* Project object */;
}
